// !$*UTF8*$!
{
	archiveVersion = 1;
	classes = {
	};
	objectVersion = 77;
	objects = {

/* Begin PBXBuildFile section */
		E1217DE02E2C50BD00AD8932 /* .swiftlint.yml in Resources */ = {isa = PBXBuildFile; fileRef = E1217DDF2E2C50BD00AD8932 /* .swiftlint.yml */; };
		E1217E412E2C517200AD8932 /* Estrutura.md in Resources */ = {isa = PBXBuildFile; fileRef = E1217E402E2C517200AD8932 /* Estrutura.md */; };
		E1217E442E2C52AC00AD8932 /* FirebaseAI in Frameworks */ = {isa = PBXBuildFile; productRef = E1217E432E2C52AC00AD8932 /* FirebaseAI */; };
		E1217E462E2C52AC00AD8932 /* FirebaseAnalytics in Frameworks */ = {isa = PBXBuildFile; productRef = E1217E452E2C52AC00AD8932 /* FirebaseAnalytics */; };
		E1217E482E2C52AC00AD8932 /* FirebaseAnalyticsCore in Frameworks */ = {isa = PBXBuildFile; productRef = E1217E472E2C52AC00AD8932 /* FirebaseAnalyticsCore */; };
		E1217E4A2E2C52AC00AD8932 /* FirebaseAnalyticsIdentitySupport in Frameworks */ = {isa = PBXBuildFile; productRef = E1217E492E2C52AC00AD8932 /* FirebaseAnalyticsIdentitySupport */; };
		E1217E4C2E2C52AC00AD8932 /* FirebaseAppCheck in Frameworks */ = {isa = PBXBuildFile; productRef = E1217E4B2E2C52AC00AD8932 /* FirebaseAppCheck */; };
		E1217E4E2E2C52AC00AD8932 /* FirebaseAppDistribution-Beta in Frameworks */ = {isa = PBXBuildFile; productRef = E1217E4D2E2C52AC00AD8932 /* FirebaseAppDistribution-Beta */; };
		E1217E502E2C52AC00AD8932 /* FirebaseAuth in Frameworks */ = {isa = PBXBuildFile; productRef = E1217E4F2E2C52AC00AD8932 /* FirebaseAuth */; };
		E1217E522E2C52AC00AD8932 /* FirebaseAuthCombine-Community in Frameworks */ = {isa = PBXBuildFile; productRef = E1217E512E2C52AC00AD8932 /* FirebaseAuthCombine-Community */; };
		E1217E542E2C52AC00AD8932 /* FirebaseCore in Frameworks */ = {isa = PBXBuildFile; productRef = E1217E532E2C52AC00AD8932 /* FirebaseCore */; };
		E1217E562E2C52AC00AD8932 /* FirebaseCrashlytics in Frameworks */ = {isa = PBXBuildFile; productRef = E1217E552E2C52AC00AD8932 /* FirebaseCrashlytics */; };
		E1217E582E2C52AC00AD8932 /* FirebaseDatabase in Frameworks */ = {isa = PBXBuildFile; productRef = E1217E572E2C52AC00AD8932 /* FirebaseDatabase */; };
		E1217E5A2E2C52AC00AD8932 /* FirebaseFirestore in Frameworks */ = {isa = PBXBuildFile; productRef = E1217E592E2C52AC00AD8932 /* FirebaseFirestore */; };
		E1217E5C2E2C52AC00AD8932 /* FirebaseFirestoreCombine-Community in Frameworks */ = {isa = PBXBuildFile; productRef = E1217E5B2E2C52AC00AD8932 /* FirebaseFirestoreCombine-Community */; };
		E1217E5E2E2C52AC00AD8932 /* FirebaseFunctions in Frameworks */ = {isa = PBXBuildFile; productRef = E1217E5D2E2C52AC00AD8932 /* FirebaseFunctions */; };
		E1217E602E2C52AC00AD8932 /* FirebaseFunctionsCombine-Community in Frameworks */ = {isa = PBXBuildFile; productRef = E1217E5F2E2C52AC00AD8932 /* FirebaseFunctionsCombine-Community */; };
		E1217E622E2C52AC00AD8932 /* FirebaseInAppMessaging-Beta in Frameworks */ = {isa = PBXBuildFile; productRef = E1217E612E2C52AC00AD8932 /* FirebaseInAppMessaging-Beta */; };
/* End PBXBuildFile section */

/* Begin PBXContainerItemProxy section */
		E1217D5F2E2C500200AD8932 /* PBXContainerItemProxy */ = {
			isa = PBXContainerItemProxy;
			containerPortal = E1217D472E2C500100AD8932 /* Project object */;
			proxyType = 1;
			remoteGlobalIDString = E1217D4E2E2C500100AD8932;
			remoteInfo = MeinGeld;
		};
		E1217D692E2C500200AD8932 /* PBXContainerItemProxy */ = {
			isa = PBXContainerItemProxy;
			containerPortal = E1217D472E2C500100AD8932 /* Project object */;
			proxyType = 1;
			remoteGlobalIDString = E1217D4E2E2C500100AD8932;
			remoteInfo = MeinGeld;
		};
/* End PBXContainerItemProxy section */

/* Begin PBXFileReference section */
		E1217D4F2E2C500100AD8932 /* MeinGeld.app */ = {isa = PBXFileReference; explicitFileType = wrapper.application; includeInIndex = 0; path = MeinGeld.app; sourceTree = BUILT_PRODUCTS_DIR; };
		E1217D5E2E2C500200AD8932 /* MeinGeldTests.xctest */ = {isa = PBXFileReference; explicitFileType = wrapper.cfbundle; includeInIndex = 0; path = MeinGeldTests.xctest; sourceTree = BUILT_PRODUCTS_DIR; };
		E1217D682E2C500200AD8932 /* MeinGeldUITests.xctest */ = {isa = PBXFileReference; explicitFileType = wrapper.cfbundle; includeInIndex = 0; path = MeinGeldUITests.xctest; sourceTree = BUILT_PRODUCTS_DIR; };
		E1217DDF2E2C50BD00AD8932 /* .swiftlint.yml */ = {isa = PBXFileReference; lastKnownFileType = text.yaml; path = .swiftlint.yml; sourceTree = "<group>"; };
		E1217E402E2C517200AD8932 /* Estrutura.md */ = {isa = PBXFileReference; lastKnownFileType = net.daringfireball.markdown; path = Estrutura.md; sourceTree = "<group>"; };
/* End PBXFileReference section */

/* Begin PBXFileSystemSynchronizedRootGroup section */
		E1217D512E2C500100AD8932 /* MeinGeld */ = {
			isa = PBXFileSystemSynchronizedRootGroup;
			path = MeinGeld;
			sourceTree = "<group>";
		};
		E1217D612E2C500200AD8932 /* MeinGeldTests */ = {
			isa = PBXFileSystemSynchronizedRootGroup;
			path = MeinGeldTests;
			sourceTree = "<group>";
		};
		E1217D6B2E2C500200AD8932 /* MeinGeldUITests */ = {
			isa = PBXFileSystemSynchronizedRootGroup;
			path = MeinGeldUITests;
			sourceTree = "<group>";
		};
/* End PBXFileSystemSynchronizedRootGroup section */

/* Begin PBXFrameworksBuildPhase section */
		E1217D4C2E2C500100AD8932 /* Frameworks */ = {
			isa = PBXFrameworksBuildPhase;
			buildActionMask = 2147483647;
			files = (
				E1217E582E2C52AC00AD8932 /* FirebaseDatabase in Frameworks */,
				E1217E4C2E2C52AC00AD8932 /* FirebaseAppCheck in Frameworks */,
				E1217E502E2C52AC00AD8932 /* FirebaseAuth in Frameworks */,
				E1217E462E2C52AC00AD8932 /* FirebaseAnalytics in Frameworks */,
				E1217E4E2E2C52AC00AD8932 /* FirebaseAppDistribution-Beta in Frameworks */,
				E1217E482E2C52AC00AD8932 /* FirebaseAnalyticsCore in Frameworks */,
				E1217E522E2C52AC00AD8932 /* FirebaseAuthCombine-Community in Frameworks */,
				E1217E602E2C52AC00AD8932 /* FirebaseFunctionsCombine-Community in Frameworks */,
				E1217E562E2C52AC00AD8932 /* FirebaseCrashlytics in Frameworks */,
				E1217E542E2C52AC00AD8932 /* FirebaseCore in Frameworks */,
				E1217E5E2E2C52AC00AD8932 /* FirebaseFunctions in Frameworks */,
				E1217E5C2E2C52AC00AD8932 /* FirebaseFirestoreCombine-Community in Frameworks */,
				E1217E5A2E2C52AC00AD8932 /* FirebaseFirestore in Frameworks */,
				E1217E442E2C52AC00AD8932 /* FirebaseAI in Frameworks */,
				E1217E622E2C52AC00AD8932 /* FirebaseInAppMessaging-Beta in Frameworks */,
			);
			runOnlyForDeploymentPostprocessing = 0;
		};
		E1217D5B2E2C500200AD8932 /* Frameworks */ = {
			isa = PBXFrameworksBuildPhase;
			buildActionMask = 2147483647;
			files = (
				E1217E4A2E2C52AC00AD8932 /* FirebaseAnalyticsIdentitySupport in Frameworks */,
			);
			runOnlyForDeploymentPostprocessing = 0;
		};
		E1217D652E2C500200AD8932 /* Frameworks */ = {
			isa = PBXFrameworksBuildPhase;
			buildActionMask = 2147483647;
			files = (
			);
			runOnlyForDeploymentPostprocessing = 0;
		};
/* End PBXFrameworksBuildPhase section */

/* Begin PBXGroup section */
		E1217D462E2C500100AD8932 = {
			isa = PBXGroup;
			children = (
				E1217DDF2E2C50BD00AD8932 /* .swiftlint.yml */,
				E1217E402E2C517200AD8932 /* Estrutura.md */,
				E1217D512E2C500100AD8932 /* MeinGeld */,
				E1217D612E2C500200AD8932 /* MeinGeldTests */,
				E1217D6B2E2C500200AD8932 /* MeinGeldUITests */,
				E1217D502E2C500100AD8932 /* Products */,
			);
			sourceTree = "<group>";
		};
		E1217D502E2C500100AD8932 /* Products */ = {
			isa = PBXGroup;
			children = (
				E1217D4F2E2C500100AD8932 /* MeinGeld.app */,
				E1217D5E2E2C500200AD8932 /* MeinGeldTests.xctest */,
				E1217D682E2C500200AD8932 /* MeinGeldUITests.xctest */,
			);
			name = Products;
			sourceTree = "<group>";
		};
/* End PBXGroup section */

/* Begin PBXNativeTarget section */
		E1217D4E2E2C500100AD8932 /* MeinGeld */ = {
			isa = PBXNativeTarget;
			buildConfigurationList = E1217D722E2C500200AD8932 /* Build configuration list for PBXNativeTarget "MeinGeld" */;
			buildPhases = (
				E1217D4B2E2C500100AD8932 /* Sources */,
				E1217D4C2E2C500100AD8932 /* Frameworks */,
				E1217D4D2E2C500100AD8932 /* Resources */,
			);
			buildRules = (
			);
			dependencies = (
			);
			fileSystemSynchronizedGroups = (
				E1217D512E2C500100AD8932 /* MeinGeld */,
			);
			name = MeinGeld;
			packageProductDependencies = (
				E1217E432E2C52AC00AD8932 /* FirebaseAI */,
				E1217E452E2C52AC00AD8932 /* FirebaseAnalytics */,
				E1217E472E2C52AC00AD8932 /* FirebaseAnalyticsCore */,
				E1217E4B2E2C52AC00AD8932 /* FirebaseAppCheck */,
				E1217E4D2E2C52AC00AD8932 /* FirebaseAppDistribution-Beta */,
				E1217E4F2E2C52AC00AD8932 /* FirebaseAuth */,
				E1217E512E2C52AC00AD8932 /* FirebaseAuthCombine-Community */,
				E1217E532E2C52AC00AD8932 /* FirebaseCore */,
				E1217E552E2C52AC00AD8932 /* FirebaseCrashlytics */,
				E1217E572E2C52AC00AD8932 /* FirebaseDatabase */,
				E1217E592E2C52AC00AD8932 /* FirebaseFirestore */,
				E1217E5B2E2C52AC00AD8932 /* FirebaseFirestoreCombine-Community */,
				E1217E5D2E2C52AC00AD8932 /* FirebaseFunctions */,
				E1217E5F2E2C52AC00AD8932 /* FirebaseFunctionsCombine-Community */,
				E1217E612E2C52AC00AD8932 /* FirebaseInAppMessaging-Beta */,
			);
			productName = MeinGeld;
			productReference = E1217D4F2E2C500100AD8932 /* MeinGeld.app */;
			productType = "com.apple.product-type.application";
		};
		E1217D5D2E2C500200AD8932 /* MeinGeldTests */ = {
			isa = PBXNativeTarget;
			buildConfigurationList = E1217D752E2C500200AD8932 /* Build configuration list for PBXNativeTarget "MeinGeldTests" */;
			buildPhases = (
				E1217D5A2E2C500200AD8932 /* Sources */,
				E1217D5B2E2C500200AD8932 /* Frameworks */,
				E1217D5C2E2C500200AD8932 /* Resources */,
			);
			buildRules = (
			);
			dependencies = (
				E1217D602E2C500200AD8932 /* PBXTargetDependency */,
			);
			fileSystemSynchronizedGroups = (
				E1217D612E2C500200AD8932 /* MeinGeldTests */,
			);
			name = MeinGeldTests;
			packageProductDependencies = (
				E1217E492E2C52AC00AD8932 /* FirebaseAnalyticsIdentitySupport */,
			);
			productName = MeinGeldTests;
			productReference = E1217D5E2E2C500200AD8932 /* MeinGeldTests.xctest */;
			productType = "com.apple.product-type.bundle.unit-test";
		};
		E1217D672E2C500200AD8932 /* MeinGeldUITests */ = {
			isa = PBXNativeTarget;
			buildConfigurationList = E1217D782E2C500200AD8932 /* Build configuration list for PBXNativeTarget "MeinGeldUITests" */;
			buildPhases = (
				E1217D642E2C500200AD8932 /* Sources */,
				E1217D652E2C500200AD8932 /* Frameworks */,
				E1217D662E2C500200AD8932 /* Resources */,
			);
			buildRules = (
			);
			dependencies = (
				E1217D6A2E2C500200AD8932 /* PBXTargetDependency */,
			);
			fileSystemSynchronizedGroups = (
				E1217D6B2E2C500200AD8932 /* MeinGeldUITests */,
			);
			name = MeinGeldUITests;
			packageProductDependencies = (
			);
			productName = MeinGeldUITests;
			productReference = E1217D682E2C500200AD8932 /* MeinGeldUITests.xctest */;
			productType = "com.apple.product-type.bundle.ui-testing";
		};
/* End PBXNativeTarget section */

/* Begin PBXProject section */
		E1217D472E2C500100AD8932 /* Project object */ = {
			isa = PBXProject;
			attributes = {
				BuildIndependentTargetsInParallel = 1;
				LastSwiftUpdateCheck = 2600;
				LastUpgradeCheck = 2600;
				TargetAttributes = {
					E1217D4E2E2C500100AD8932 = {
						CreatedOnToolsVersion = 26.0;
					};
					E1217D5D2E2C500200AD8932 = {
						CreatedOnToolsVersion = 26.0;
						TestTargetID = E1217D4E2E2C500100AD8932;
					};
					E1217D672E2C500200AD8932 = {
						CreatedOnToolsVersion = 26.0;
						TestTargetID = E1217D4E2E2C500100AD8932;
					};
				};
			};
			buildConfigurationList = E1217D4A2E2C500100AD8932 /* Build configuration list for PBXProject "MeinGeld" */;
			developmentRegion = en;
			hasScannedForEncodings = 0;
			knownRegions = (
				en,
				Base,
			);
			mainGroup = E1217D462E2C500100AD8932;
			minimizedProjectReferenceProxies = 1;
			packageReferences = (
				E1217E422E2C52AC00AD8932 /* XCRemoteSwiftPackageReference "firebase-ios-sdk" */,
			);
			preferredProjectObjectVersion = 77;
			productRefGroup = E1217D502E2C500100AD8932 /* Products */;
			projectDirPath = "";
			projectRoot = "";
			targets = (
				E1217D4E2E2C500100AD8932 /* MeinGeld */,
				E1217D5D2E2C500200AD8932 /* MeinGeldTests */,
				E1217D672E2C500200AD8932 /* MeinGeldUITests */,
			);
		};
/* End PBXProject section */

/* Begin PBXResourcesBuildPhase section */
		E1217D4D2E2C500100AD8932 /* Resources */ = {
			isa = PBXResourcesBuildPhase;
			buildActionMask = 2147483647;
			files = (
				E1217DE02E2C50BD00AD8932 /* .swiftlint.yml in Resources */,
				E1217E412E2C517200AD8932 /* Estrutura.md in Resources */,
			);
			runOnlyForDeploymentPostprocessing = 0;
		};
		E1217D5C2E2C500200AD8932 /* Resources */ = {
			isa = PBXResourcesBuildPhase;
			buildActionMask = 2147483647;
			files = (
			);
			runOnlyForDeploymentPostprocessing = 0;
		};
		E1217D662E2C500200AD8932 /* Resources */ = {
			isa = PBXResourcesBuildPhase;
			buildActionMask = 2147483647;
			files = (
			);
			runOnlyForDeploymentPostprocessing = 0;
		};
/* End PBXResourcesBuildPhase section */

/* Begin PBXSourcesBuildPhase section */
		E1217D4B2E2C500100AD8932 /* Sources */ = {
			isa = PBXSourcesBuildPhase;
			buildActionMask = 2147483647;
			files = (
			);
			runOnlyForDeploymentPostprocessing = 0;
		};
		E1217D5A2E2C500200AD8932 /* Sources */ = {
			isa = PBXSourcesBuildPhase;
			buildActionMask = 2147483647;
			files = (
			);
			runOnlyForDeploymentPostprocessing = 0;
		};
		E1217D642E2C500200AD8932 /* Sources */ = {
			isa = PBXSourcesBuildPhase;
			buildActionMask = 2147483647;
			files = (
			);
			runOnlyForDeploymentPostprocessing = 0;
		};
/* End PBXSourcesBuildPhase section */

/* Begin PBXTargetDependency section */
		E1217D602E2C500200AD8932 /* PBXTargetDependency */ = {
			isa = PBXTargetDependency;
			target = E1217D4E2E2C500100AD8932 /* MeinGeld */;
			targetProxy = E1217D5F2E2C500200AD8932 /* PBXContainerItemProxy */;
		};
		E1217D6A2E2C500200AD8932 /* PBXTargetDependency */ = {
			isa = PBXTargetDependency;
			target = E1217D4E2E2C500100AD8932 /* MeinGeld */;
			targetProxy = E1217D692E2C500200AD8932 /* PBXContainerItemProxy */;
		};
/* End PBXTargetDependency section */

/* Begin XCBuildConfiguration section */
		E1217D702E2C500200AD8932 /* Debug */ = {
			isa = XCBuildConfiguration;
			buildSettings = {
				ALWAYS_SEARCH_USER_PATHS = NO;
				ASSETCATALOG_COMPILER_GENERATE_SWIFT_ASSET_SYMBOL_EXTENSIONS = YES;
				CLANG_ANALYZER_NONNULL = YES;
				CLANG_ANALYZER_NUMBER_OBJECT_CONVERSION = YES_AGGRESSIVE;
				CLANG_CXX_LANGUAGE_STANDARD = "gnu++20";
				CLANG_ENABLE_MODULES = YES;
				CLANG_ENABLE_OBJC_ARC = YES;
				CLANG_ENABLE_OBJC_WEAK = YES;
				CLANG_WARN_BLOCK_CAPTURE_AUTORELEASING = YES;
				CLANG_WARN_BOOL_CONVERSION = YES;
				CLANG_WARN_COMMA = YES;
				CLANG_WARN_CONSTANT_CONVERSION = YES;
				CLANG_WARN_DEPRECATED_OBJC_IMPLEMENTATIONS = YES;
				CLANG_WARN_DIRECT_OBJC_ISA_USAGE = YES_ERROR;
				CLANG_WARN_DOCUMENTATION_COMMENTS = YES;
				CLANG_WARN_EMPTY_BODY = YES;
				CLANG_WARN_ENUM_CONVERSION = YES;
				CLANG_WARN_INFINITE_RECURSION = YES;
				CLANG_WARN_INT_CONVERSION = YES;
				CLANG_WARN_NON_LITERAL_NULL_CONVERSION = YES;
				CLANG_WARN_OBJC_IMPLICIT_RETAIN_SELF = YES;
				CLANG_WARN_OBJC_LITERAL_CONVERSION = YES;
				CLANG_WARN_OBJC_ROOT_CLASS = YES_ERROR;
				CLANG_WARN_QUOTED_INCLUDE_IN_FRAMEWORK_HEADER = YES;
				CLANG_WARN_RANGE_LOOP_ANALYSIS = YES;
				CLANG_WARN_STRICT_PROTOTYPES = YES;
				CLANG_WARN_SUSPICIOUS_MOVE = YES;
				CLANG_WARN_UNGUARDED_AVAILABILITY = YES_AGGRESSIVE;
				CLANG_WARN_UNREACHABLE_CODE = YES;
				CLANG_WARN__DUPLICATE_METHOD_MATCH = YES;
				COPY_PHASE_STRIP = NO;
				DEBUG_INFORMATION_FORMAT = dwarf;
				ENABLE_STRICT_OBJC_MSGSEND = YES;
				ENABLE_TESTABILITY = YES;
				ENABLE_USER_SCRIPT_SANDBOXING = YES;
				GCC_C_LANGUAGE_STANDARD = gnu17;
				GCC_DYNAMIC_NO_PIC = NO;
				GCC_NO_COMMON_BLOCKS = YES;
				GCC_OPTIMIZATION_LEVEL = 0;
				GCC_PREPROCESSOR_DEFINITIONS = (
					"DEBUG=1",
					"$(inherited)",
				);
				GCC_WARN_64_TO_32_BIT_CONVERSION = YES;
				GCC_WARN_ABOUT_RETURN_TYPE = YES_ERROR;
				GCC_WARN_UNDECLARED_SELECTOR = YES;
				GCC_WARN_UNINITIALIZED_AUTOS = YES_AGGRESSIVE;
				GCC_WARN_UNUSED_FUNCTION = YES;
				GCC_WARN_UNUSED_VARIABLE = YES;
				IPHONEOS_DEPLOYMENT_TARGET = 26.0;
				LOCALIZATION_PREFERS_STRING_CATALOGS = YES;
				MTL_ENABLE_DEBUG_INFO = INCLUDE_SOURCE;
				MTL_FAST_MATH = YES;
				ONLY_ACTIVE_ARCH = YES;
				SDKROOT = iphoneos;
				SWIFT_ACTIVE_COMPILATION_CONDITIONS = "DEBUG $(inherited)";
				SWIFT_OPTIMIZATION_LEVEL = "-Onone";
			};
			name = Debug;
		};
		E1217D712E2C500200AD8932 /* Release */ = {
			isa = XCBuildConfiguration;
			buildSettings = {
				ALWAYS_SEARCH_USER_PATHS = NO;
				ASSETCATALOG_COMPILER_GENERATE_SWIFT_ASSET_SYMBOL_EXTENSIONS = YES;
				CLANG_ANALYZER_NONNULL = YES;
				CLANG_ANALYZER_NUMBER_OBJECT_CONVERSION = YES_AGGRESSIVE;
				CLANG_CXX_LANGUAGE_STANDARD = "gnu++20";
				CLANG_ENABLE_MODULES = YES;
				CLANG_ENABLE_OBJC_ARC = YES;
				CLANG_ENABLE_OBJC_WEAK = YES;
				CLANG_WARN_BLOCK_CAPTURE_AUTORELEASING = YES;
				CLANG_WARN_BOOL_CONVERSION = YES;
				CLANG_WARN_COMMA = YES;
				CLANG_WARN_CONSTANT_CONVERSION = YES;
				CLANG_WARN_DEPRECATED_OBJC_IMPLEMENTATIONS = YES;
				CLANG_WARN_DIRECT_OBJC_ISA_USAGE = YES_ERROR;
				CLANG_WARN_DOCUMENTATION_COMMENTS = YES;
				CLANG_WARN_EMPTY_BODY = YES;
				CLANG_WARN_ENUM_CONVERSION = YES;
				CLANG_WARN_INFINITE_RECURSION = YES;
				CLANG_WARN_INT_CONVERSION = YES;
				CLANG_WARN_NON_LITERAL_NULL_CONVERSION = YES;
				CLANG_WARN_OBJC_IMPLICIT_RETAIN_SELF = YES;
				CLANG_WARN_OBJC_LITERAL_CONVERSION = YES;
				CLANG_WARN_OBJC_ROOT_CLASS = YES_ERROR;
				CLANG_WARN_QUOTED_INCLUDE_IN_FRAMEWORK_HEADER = YES;
				CLANG_WARN_RANGE_LOOP_ANALYSIS = YES;
				CLANG_WARN_STRICT_PROTOTYPES = YES;
				CLANG_WARN_SUSPICIOUS_MOVE = YES;
				CLANG_WARN_UNGUARDED_AVAILABILITY = YES_AGGRESSIVE;
				CLANG_WARN_UNREACHABLE_CODE = YES;
				CLANG_WARN__DUPLICATE_METHOD_MATCH = YES;
				COPY_PHASE_STRIP = NO;
				DEBUG_INFORMATION_FORMAT = "dwarf-with-dsym";
				ENABLE_NS_ASSERTIONS = NO;
				ENABLE_STRICT_OBJC_MSGSEND = YES;
				ENABLE_USER_SCRIPT_SANDBOXING = YES;
				GCC_C_LANGUAGE_STANDARD = gnu17;
				GCC_NO_COMMON_BLOCKS = YES;
				GCC_WARN_64_TO_32_BIT_CONVERSION = YES;
				GCC_WARN_ABOUT_RETURN_TYPE = YES_ERROR;
				GCC_WARN_UNDECLARED_SELECTOR = YES;
				GCC_WARN_UNINITIALIZED_AUTOS = YES_AGGRESSIVE;
				GCC_WARN_UNUSED_FUNCTION = YES;
				GCC_WARN_UNUSED_VARIABLE = YES;
				IPHONEOS_DEPLOYMENT_TARGET = 26.0;
				LOCALIZATION_PREFERS_STRING_CATALOGS = YES;
				MTL_ENABLE_DEBUG_INFO = NO;
				MTL_FAST_MATH = YES;
				SDKROOT = iphoneos;
				SWIFT_COMPILATION_MODE = wholemodule;
				VALIDATE_PRODUCT = YES;
			};
			name = Release;
		};
		E1217D732E2C500200AD8932 /* Debug */ = {
			isa = XCBuildConfiguration;
			buildSettings = {
				ASSETCATALOG_COMPILER_APPICON_NAME = DarkAppIcon;
				ASSETCATALOG_COMPILER_GLOBAL_ACCENT_COLOR_NAME = AccentColor;
				CODE_SIGN_ENTITLEMENTS = MeinGeld/MeinGeld.entitlements;
				CODE_SIGN_STYLE = Automatic;
				CURRENT_PROJECT_VERSION = 1;
				DEVELOPMENT_TEAM = 4DLN7FPJ74;
				ENABLE_PREVIEWS = YES;
				GENERATE_INFOPLIST_FILE = YES;
				INFOPLIST_KEY_CFBundleDisplayName = "Mein Geld";
				INFOPLIST_KEY_NSFaceIDUsageDescription = "";
				INFOPLIST_KEY_UIApplicationSceneManifest_Generation = YES;
				INFOPLIST_KEY_UIApplicationSupportsIndirectInputEvents = YES;
				INFOPLIST_KEY_UILaunchScreen_Generation = YES;
				INFOPLIST_KEY_UISupportedInterfaceOrientations_iPad = "UIInterfaceOrientationPortrait UIInterfaceOrientationPortraitUpsideDown UIInterfaceOrientationLandscapeLeft UIInterfaceOrientationLandscapeRight";
				INFOPLIST_KEY_UISupportedInterfaceOrientations_iPhone = "UIInterfaceOrientationPortrait UIInterfaceOrientationLandscapeLeft UIInterfaceOrientationLandscapeRight";
				LD_RUNPATH_SEARCH_PATHS = (
					"$(inherited)",
					"@executable_path/Frameworks",
				);
				MARKETING_VERSION = 1.0;
				PRODUCT_BUNDLE_IDENTIFIER = br.com.robertogeiss.MeinGeld;
				PRODUCT_NAME = "$(TARGET_NAME)";
				STRING_CATALOG_GENERATE_SYMBOLS = YES;
				SWIFT_APPROACHABLE_CONCURRENCY = YES;
				SWIFT_DEFAULT_ACTOR_ISOLATION = MainActor;
				SWIFT_EMIT_LOC_STRINGS = YES;
				SWIFT_UPCOMING_FEATURE_MEMBER_IMPORT_VISIBILITY = YES;
				SWIFT_VERSION = 5.0;
				TARGETED_DEVICE_FAMILY = "1,2";
			};
			name = Debug;
		};
		E1217D742E2C500200AD8932 /* Release */ = {
			isa = XCBuildConfiguration;
			buildSettings = {
				ASSETCATALOG_COMPILER_APPICON_NAME = DarkAppIcon;
				ASSETCATALOG_COMPILER_GLOBAL_ACCENT_COLOR_NAME = AccentColor;
				CODE_SIGN_ENTITLEMENTS = MeinGeld/MeinGeld.entitlements;
				CODE_SIGN_STYLE = Automatic;
				CURRENT_PROJECT_VERSION = 1;
				DEVELOPMENT_TEAM = 4DLN7FPJ74;
				ENABLE_PREVIEWS = YES;
				GENERATE_INFOPLIST_FILE = YES;
				INFOPLIST_KEY_CFBundleDisplayName = "Mein Geld";
				INFOPLIST_KEY_NSFaceIDUsageDescription = "";
				INFOPLIST_KEY_UIApplicationSceneManifest_Generation = YES;
				INFOPLIST_KEY_UIApplicationSupportsIndirectInputEvents = YES;
				INFOPLIST_KEY_UILaunchScreen_Generation = YES;
				INFOPLIST_KEY_UISupportedInterfaceOrientations_iPad = "UIInterfaceOrientationPortrait UIInterfaceOrientationPortraitUpsideDown UIInterfaceOrientationLandscapeLeft UIInterfaceOrientationLandscapeRight";
				INFOPLIST_KEY_UISupportedInterfaceOrientations_iPhone = "UIInterfaceOrientationPortrait UIInterfaceOrientationLandscapeLeft UIInterfaceOrientationLandscapeRight";
				LD_RUNPATH_SEARCH_PATHS = (
					"$(inherited)",
					"@executable_path/Frameworks",
				);
				MARKETING_VERSION = 1.0;
				PRODUCT_BUNDLE_IDENTIFIER = br.com.robertogeiss.MeinGeld;
				PRODUCT_NAME = "$(TARGET_NAME)";
				STRING_CATALOG_GENERATE_SYMBOLS = YES;
				SWIFT_APPROACHABLE_CONCURRENCY = YES;
				SWIFT_DEFAULT_ACTOR_ISOLATION = MainActor;
				SWIFT_EMIT_LOC_STRINGS = YES;
				SWIFT_UPCOMING_FEATURE_MEMBER_IMPORT_VISIBILITY = YES;
				SWIFT_VERSION = 5.0;
				TARGETED_DEVICE_FAMILY = "1,2";
			};
			name = Release;
		};
		E1217D762E2C500200AD8932 /* Debug */ = {
			isa = XCBuildConfiguration;
			buildSettings = {
				BUNDLE_LOADER = "$(TEST_HOST)";
				CODE_SIGN_STYLE = Automatic;
				CURRENT_PROJECT_VERSION = 1;
				GENERATE_INFOPLIST_FILE = YES;
				IPHONEOS_DEPLOYMENT_TARGET = 26.0;
				MARKETING_VERSION = 1.0;
				PRODUCT_BUNDLE_IDENTIFIER = br.com.robertogeiss.MeinGeldTests;
				PRODUCT_NAME = "$(TARGET_NAME)";
				STRING_CATALOG_GENERATE_SYMBOLS = NO;
				SWIFT_APPROACHABLE_CONCURRENCY = YES;
				SWIFT_EMIT_LOC_STRINGS = NO;
				SWIFT_UPCOMING_FEATURE_MEMBER_IMPORT_VISIBILITY = YES;
				SWIFT_VERSION = 5.0;
				TARGETED_DEVICE_FAMILY = "1,2";
				TEST_HOST = "$(BUILT_PRODUCTS_DIR)/MeinGeld.app/$(BUNDLE_EXECUTABLE_FOLDER_PATH)/MeinGeld";
			};
			name = Debug;
		};
		E1217D772E2C500200AD8932 /* Release */ = {
			isa = XCBuildConfiguration;
			buildSettings = {
				BUNDLE_LOADER = "$(TEST_HOST)";
				CODE_SIGN_STYLE = Automatic;
				CURRENT_PROJECT_VERSION = 1;
				GENERATE_INFOPLIST_FILE = YES;
				IPHONEOS_DEPLOYMENT_TARGET = 26.0;
				MARKETING_VERSION = 1.0;
				PRODUCT_BUNDLE_IDENTIFIER = br.com.robertogeiss.MeinGeldTests;
				PRODUCT_NAME = "$(TARGET_NAME)";
				STRING_CATALOG_GENERATE_SYMBOLS = NO;
				SWIFT_APPROACHABLE_CONCURRENCY = YES;
				SWIFT_EMIT_LOC_STRINGS = NO;
				SWIFT_UPCOMING_FEATURE_MEMBER_IMPORT_VISIBILITY = YES;
				SWIFT_VERSION = 5.0;
				TARGETED_DEVICE_FAMILY = "1,2";
				TEST_HOST = "$(BUILT_PRODUCTS_DIR)/MeinGeld.app/$(BUNDLE_EXECUTABLE_FOLDER_PATH)/MeinGeld";
			};
			name = Release;
		};
		E1217D792E2C500200AD8932 /* Debug */ = {
			isa = XCBuildConfiguration;
			buildSettings = {
				CODE_SIGN_STYLE = Automatic;
				CURRENT_PROJECT_VERSION = 1;
				GENERATE_INFOPLIST_FILE = YES;
				MARKETING_VERSION = 1.0;
				PRODUCT_BUNDLE_IDENTIFIER = br.com.robertogeiss.MeinGeldUITests;
				PRODUCT_NAME = "$(TARGET_NAME)";
				STRING_CATALOG_GENERATE_SYMBOLS = NO;
				SWIFT_APPROACHABLE_CONCURRENCY = YES;
				SWIFT_EMIT_LOC_STRINGS = NO;
				SWIFT_UPCOMING_FEATURE_MEMBER_IMPORT_VISIBILITY = YES;
				SWIFT_VERSION = 5.0;
				TARGETED_DEVICE_FAMILY = "1,2";
				TEST_TARGET_NAME = MeinGeld;
			};
			name = Debug;
		};
		E1217D7A2E2C500200AD8932 /* Release */ = {
			isa = XCBuildConfiguration;
			buildSettings = {
				CODE_SIGN_STYLE = Automatic;
				CURRENT_PROJECT_VERSION = 1;
				GENERATE_INFOPLIST_FILE = YES;
				MARKETING_VERSION = 1.0;
				PRODUCT_BUNDLE_IDENTIFIER = br.com.robertogeiss.MeinGeldUITests;
				PRODUCT_NAME = "$(TARGET_NAME)";
				STRING_CATALOG_GENERATE_SYMBOLS = NO;
				SWIFT_APPROACHABLE_CONCURRENCY = YES;
				SWIFT_EMIT_LOC_STRINGS = NO;
				SWIFT_UPCOMING_FEATURE_MEMBER_IMPORT_VISIBILITY = YES;
				SWIFT_VERSION = 5.0;
				TARGETED_DEVICE_FAMILY = "1,2";
				TEST_TARGET_NAME = MeinGeld;
			};
			name = Release;
		};
/* End XCBuildConfiguration section */

/* Begin XCConfigurationList section */
		E1217D4A2E2C500100AD8932 /* Build configuration list for PBXProject "MeinGeld" */ = {
			isa = XCConfigurationList;
			buildConfigurations = (
				E1217D702E2C500200AD8932 /* Debug */,
				E1217D712E2C500200AD8932 /* Release */,
			);
			defaultConfigurationIsVisible = 0;
			defaultConfigurationName = Release;
		};
		E1217D722E2C500200AD8932 /* Build configuration list for PBXNativeTarget "MeinGeld" */ = {
			isa = XCConfigurationList;
			buildConfigurations = (
				E1217D732E2C500200AD8932 /* Debug */,
				E1217D742E2C500200AD8932 /* Release */,
			);
			defaultConfigurationIsVisible = 0;
			defaultConfigurationName = Release;
		};
		E1217D752E2C500200AD8932 /* Build configuration list for PBXNativeTarget "MeinGeldTests" */ = {
			isa = XCConfigurationList;
			buildConfigurations = (
				E1217D762E2C500200AD8932 /* Debug */,
				E1217D772E2C500200AD8932 /* Release */,
			);
			defaultConfigurationIsVisible = 0;
			defaultConfigurationName = Release;
		};
		E1217D782E2C500200AD8932 /* Build configuration list for PBXNativeTarget "MeinGeldUITests" */ = {
			isa = XCConfigurationList;
			buildConfigurations = (
				E1217D792E2C500200AD8932 /* Debug */,
				E1217D7A2E2C500200AD8932 /* Release */,
			);
			defaultConfigurationIsVisible = 0;
			defaultConfigurationName = Release;
		};
/* End XCConfigurationList section */

/* Begin XCRemoteSwiftPackageReference section */
		E1217E422E2C52AC00AD8932 /* XCRemoteSwiftPackageReference "firebase-ios-sdk" */ = {
			isa = XCRemoteSwiftPackageReference;
			repositoryURL = "https://github.com/firebase/firebase-ios-sdk";
			requirement = {
				kind = upToNextMajorVersion;
				minimumVersion = 12.0.0;
			};
		};
/* End XCRemoteSwiftPackageReference section */

/* Begin XCSwiftPackageProductDependency section */
		E1217E432E2C52AC00AD8932 /* FirebaseAI */ = {
			isa = XCSwiftPackageProductDependency;
			package = E1217E422E2C52AC00AD8932 /* XCRemoteSwiftPackageReference "firebase-ios-sdk" */;
			productName = FirebaseAI;
		};
		E1217E452E2C52AC00AD8932 /* FirebaseAnalytics */ = {
			isa = XCSwiftPackageProductDependency;
			package = E1217E422E2C52AC00AD8932 /* XCRemoteSwiftPackageReference "firebase-ios-sdk" */;
			productName = FirebaseAnalytics;
		};
		E1217E472E2C52AC00AD8932 /* FirebaseAnalyticsCore */ = {
			isa = XCSwiftPackageProductDependency;
			package = E1217E422E2C52AC00AD8932 /* XCRemoteSwiftPackageReference "firebase-ios-sdk" */;
			productName = FirebaseAnalyticsCore;
		};
		E1217E492E2C52AC00AD8932 /* FirebaseAnalyticsIdentitySupport */ = {
			isa = XCSwiftPackageProductDependency;
			package = E1217E422E2C52AC00AD8932 /* XCRemoteSwiftPackageReference "firebase-ios-sdk" */;
			productName = FirebaseAnalyticsIdentitySupport;
		};
		E1217E4B2E2C52AC00AD8932 /* FirebaseAppCheck */ = {
			isa = XCSwiftPackageProductDependency;
			package = E1217E422E2C52AC00AD8932 /* XCRemoteSwiftPackageReference "firebase-ios-sdk" */;
			productName = FirebaseAppCheck;
		};
		E1217E4D2E2C52AC00AD8932 /* FirebaseAppDistribution-Beta */ = {
			isa = XCSwiftPackageProductDependency;
			package = E1217E422E2C52AC00AD8932 /* XCRemoteSwiftPackageReference "firebase-ios-sdk" */;
			productName = "FirebaseAppDistribution-Beta";
		};
		E1217E4F2E2C52AC00AD8932 /* FirebaseAuth */ = {
			isa = XCSwiftPackageProductDependency;
			package = E1217E422E2C52AC00AD8932 /* XCRemoteSwiftPackageReference "firebase-ios-sdk" */;
			productName = FirebaseAuth;
		};
		E1217E512E2C52AC00AD8932 /* FirebaseAuthCombine-Community */ = {
			isa = XCSwiftPackageProductDependency;
			package = E1217E422E2C52AC00AD8932 /* XCRemoteSwiftPackageReference "firebase-ios-sdk" */;
			productName = "FirebaseAuthCombine-Community";
		};
		E1217E532E2C52AC00AD8932 /* FirebaseCore */ = {
			isa = XCSwiftPackageProductDependency;
			package = E1217E422E2C52AC00AD8932 /* XCRemoteSwiftPackageReference "firebase-ios-sdk" */;
			productName = FirebaseCore;
		};
		E1217E552E2C52AC00AD8932 /* FirebaseCrashlytics */ = {
			isa = XCSwiftPackageProductDependency;
			package = E1217E422E2C52AC00AD8932 /* XCRemoteSwiftPackageReference "firebase-ios-sdk" */;
			productName = FirebaseCrashlytics;
		};
		E1217E572E2C52AC00AD8932 /* FirebaseDatabase */ = {
			isa = XCSwiftPackageProductDependency;
			package = E1217E422E2C52AC00AD8932 /* XCRemoteSwiftPackageReference "firebase-ios-sdk" */;
			productName = FirebaseDatabase;
		};
		E1217E592E2C52AC00AD8932 /* FirebaseFirestore */ = {
			isa = XCSwiftPackageProductDependency;
			package = E1217E422E2C52AC00AD8932 /* XCRemoteSwiftPackageReference "firebase-ios-sdk" */;
			productName = FirebaseFirestore;
		};
		E1217E5B2E2C52AC00AD8932 /* FirebaseFirestoreCombine-Community */ = {
			isa = XCSwiftPackageProductDependency;
			package = E1217E422E2C52AC00AD8932 /* XCRemoteSwiftPackageReference "firebase-ios-sdk" */;
			productName = "FirebaseFirestoreCombine-Community";
		};
		E1217E5D2E2C52AC00AD8932 /* FirebaseFunctions */ = {
			isa = XCSwiftPackageProductDependency;
			package = E1217E422E2C52AC00AD8932 /* XCRemoteSwiftPackageReference "firebase-ios-sdk" */;
			productName = FirebaseFunctions;
		};
		E1217E5F2E2C52AC00AD8932 /* FirebaseFunctionsCombine-Community */ = {
			isa = XCSwiftPackageProductDependency;
			package = E1217E422E2C52AC00AD8932 /* XCRemoteSwiftPackageReference "firebase-ios-sdk" */;
			productName = "FirebaseFunctionsCombine-Community";
		};
		E1217E612E2C52AC00AD8932 /* FirebaseInAppMessaging-Beta */ = {
			isa = XCSwiftPackageProductDependency;
			package = E1217E422E2C52AC00AD8932 /* XCRemoteSwiftPackageReference "firebase-ios-sdk" */;
			productName = "FirebaseInAppMessaging-Beta";
		};
/* End XCSwiftPackageProductDependency section */
	};
	rootObject = E1217D472E2C500100AD8932 /* Project object */;
}
